c2/alnAA_3di.fasta.treefile.rooted.final
c1/alnAA_3di.fasta.treefile.rooted.final
CRIMVLG/alnAA_3di.fasta.treefile.rooted.final
c2/alnAA_3di.fasta.treefile.rooted.final.treescore
c1/alnAA_3di.fasta.treefile.rooted.final.treescore
CRIMVLG/alnAA_3di.fasta.treefile.rooted.final.treescore
c2/alnfident_dist_AA_3di.json
c2/alnfident_dist_3di_3di.json
c2/alnfident_dist_AA_AA.json
c2/alnfident_dist_3di_AA.json
c1/alnfident_dist_AA_3di.json
c1/alnfident_dist_3di_3di.json
c1/alnfident_dist_AA_AA.json
c1/alnfident_dist_3di_AA.json
CRIMVLG/alnfident_dist_AA_3di.json
CRIMVLG/alnfident_dist_3di_3di.json
CRIMVLG/alnfident_dist_AA_AA.json
CRIMVLG/alnfident_dist_3di_AA.json
c2/3di_xaln_tree.PP.nwk.rooted.final
c2/AA_xaln_tree.PP.nwk.rooted.final
c1/3di_xaln_tree.PP.nwk.rooted.final
c1/AA_xaln_tree.PP.nwk.rooted.final
CRIMVLG/3di_xaln_tree.PP.nwk.rooted.final
CRIMVLG/AA_xaln_tree.PP.nwk.rooted.final
c2/3di_xaln_tree.PP.nwk.rooted.final.treescore
c2/AA_xaln_tree.PP.nwk.rooted.final.treescore
c1/3di_xaln_tree.PP.nwk.rooted.final.treescore
c1/AA_xaln_tree.PP.nwk.rooted.final.treescore
CRIMVLG/3di_xaln_tree.PP.nwk.rooted.final.treescore
CRIMVLG/AA_xaln_tree.PP.nwk.rooted.final.treescore
c2/templateX3di.nx.treefile.rooted.final
c2/templateXAA.nx.treefile.rooted.final
c1/templateX3di.nx.treefile.rooted.final
c1/templateXAA.nx.treefile.rooted.final
CRIMVLG/templateX3di.nx.treefile.rooted.final
CRIMVLG/templateXAA.nx.treefile.rooted.final
c2/templateX3di.nx.treefile.rooted.final.treescore
c2/templateXAA.nx.treefile.rooted.final.treescore
c1/templateX3di.nx.treefile.rooted.final.treescore
c1/templateXAA.nx.treefile.rooted.final.treescore
CRIMVLG/templateX3di.nx.treefile.rooted.final.treescore
CRIMVLG/templateXAA.nx.treefile.rooted.final.treescore
c2/alnfident_dist_AA_3di.json
c2/alnfident_dist_3di_3di.json
c2/alnfident_dist_AA_AA.json
c2/alnfident_dist_3di_AA.json
c1/alnfident_dist_AA_3di.json
c1/alnfident_dist_3di_3di.json
c1/alnfident_dist_AA_AA.json
c1/alnfident_dist_3di_AA.json
CRIMVLG/alnfident_dist_AA_3di.json
CRIMVLG/alnfident_dist_3di_3di.json
CRIMVLG/alnfident_dist_AA_AA.json
CRIMVLG/alnfident_dist_3di_AA.json
c2/fident_0_raw_treescores_struct_tree.json
c2/fident_0_exp_treescores_struct_tree.json
c2/fident_1_raw_treescores_struct_tree.json
c2/fident_1_exp_treescores_struct_tree.json
c2/alntmscore_0_raw_treescores_struct_tree.json
c2/alntmscore_0_exp_treescores_struct_tree.json
c2/alntmscore_1_raw_treescores_struct_tree.json
c2/alntmscore_1_exp_treescores_struct_tree.json
c2/lddt_0_raw_treescores_struct_tree.json
c2/lddt_0_exp_treescores_struct_tree.json
c2/lddt_1_raw_treescores_struct_tree.json
c2/lddt_1_exp_treescores_struct_tree.json
c1/fident_0_raw_treescores_struct_tree.json
c1/fident_0_exp_treescores_struct_tree.json
c1/fident_1_raw_treescores_struct_tree.json
c1/fident_1_exp_treescores_struct_tree.json
c1/alntmscore_0_raw_treescores_struct_tree.json
c1/alntmscore_0_exp_treescores_struct_tree.json
c1/alntmscore_1_raw_treescores_struct_tree.json
c1/alntmscore_1_exp_treescores_struct_tree.json
c1/lddt_0_raw_treescores_struct_tree.json
c1/lddt_0_exp_treescores_struct_tree.json
c1/lddt_1_raw_treescores_struct_tree.json
c1/lddt_1_exp_treescores_struct_tree.json
CRIMVLG/fident_0_raw_treescores_struct_tree.json
CRIMVLG/fident_0_exp_treescores_struct_tree.json
CRIMVLG/fident_1_raw_treescores_struct_tree.json
CRIMVLG/fident_1_exp_treescores_struct_tree.json
CRIMVLG/alntmscore_0_raw_treescores_struct_tree.json
CRIMVLG/alntmscore_0_exp_treescores_struct_tree.json
CRIMVLG/alntmscore_1_raw_treescores_struct_tree.json
CRIMVLG/alntmscore_1_exp_treescores_struct_tree.json
CRIMVLG/lddt_0_raw_treescores_struct_tree.json
CRIMVLG/lddt_0_exp_treescores_struct_tree.json
CRIMVLG/lddt_1_raw_treescores_struct_tree.json
CRIMVLG/lddt_1_exp_treescores_struct_tree.json
c2/treescores_sequences.muscle.json
c1/treescores_sequences.muscle.json
CRIMVLG/treescores_sequences.muscle.json
c2/treescores_sequences_iq.muscle.json
c1/treescores_sequences_iq.muscle.json
CRIMVLG/treescores_sequences_iq.muscle.json
c2/plddt.json
c1/plddt.json
CRIMVLG/plddt.json
c2/fident_0_raw_struct_tree.PP.nwk.rooted
c2/fident_0_exp_struct_tree.PP.nwk.rooted
c2/fident_1_raw_struct_tree.PP.nwk.rooted
c2/fident_1_exp_struct_tree.PP.nwk.rooted
c2/alntmscore_0_raw_struct_tree.PP.nwk.rooted
c2/alntmscore_0_exp_struct_tree.PP.nwk.rooted
c2/alntmscore_1_raw_struct_tree.PP.nwk.rooted
c2/alntmscore_1_exp_struct_tree.PP.nwk.rooted
c2/lddt_0_raw_struct_tree.PP.nwk.rooted
c2/lddt_0_exp_struct_tree.PP.nwk.rooted
c2/lddt_1_raw_struct_tree.PP.nwk.rooted
c2/lddt_1_exp_struct_tree.PP.nwk.rooted
c1/fident_0_raw_struct_tree.PP.nwk.rooted
c1/fident_0_exp_struct_tree.PP.nwk.rooted
c1/fident_1_raw_struct_tree.PP.nwk.rooted
c1/fident_1_exp_struct_tree.PP.nwk.rooted
c1/alntmscore_0_raw_struct_tree.PP.nwk.rooted
c1/alntmscore_0_exp_struct_tree.PP.nwk.rooted
c1/alntmscore_1_raw_struct_tree.PP.nwk.rooted
c1/alntmscore_1_exp_struct_tree.PP.nwk.rooted
c1/lddt_0_raw_struct_tree.PP.nwk.rooted
c1/lddt_0_exp_struct_tree.PP.nwk.rooted
c1/lddt_1_raw_struct_tree.PP.nwk.rooted
c1/lddt_1_exp_struct_tree.PP.nwk.rooted
CRIMVLG/fident_0_raw_struct_tree.PP.nwk.rooted
CRIMVLG/fident_0_exp_struct_tree.PP.nwk.rooted
CRIMVLG/fident_1_raw_struct_tree.PP.nwk.rooted
CRIMVLG/fident_1_exp_struct_tree.PP.nwk.rooted
CRIMVLG/alntmscore_0_raw_struct_tree.PP.nwk.rooted
CRIMVLG/alntmscore_0_exp_struct_tree.PP.nwk.rooted
CRIMVLG/alntmscore_1_raw_struct_tree.PP.nwk.rooted
CRIMVLG/alntmscore_1_exp_struct_tree.PP.nwk.rooted
CRIMVLG/lddt_0_raw_struct_tree.PP.nwk.rooted
CRIMVLG/lddt_0_exp_struct_tree.PP.nwk.rooted
CRIMVLG/lddt_1_raw_struct_tree.PP.nwk.rooted
CRIMVLG/lddt_1_exp_struct_tree.PP.nwk.rooted
c2/alnAA_3di.fasta.treefile.rooted
c2/alnAA_3di.fasta.treefile
c2/alnAA_3di.fasta
c2/sequence_dataset.csv
c2/alnAA_AA.fasta
c2/aln3di_3di.fasta
c2/sequences.fst
c2/allvall_1.csv
c2/outdb
c2/outdb_ss
c2/finalset.csv
c2/sequence_dataset.csv
c2/identifiers.txt
c2/finalset.csv
c2/seq3di.fasta
c1/alnAA_3di.fasta.treefile.rooted
c1/alnAA_3di.fasta.treefile
c1/alnAA_3di.fasta
c1/sequence_dataset.csv
c1/alnAA_AA.fasta
c1/aln3di_3di.fasta
c1/sequences.fst
c1/allvall_1.csv
c1/outdb
c1/outdb_ss
c1/finalset.csv
c1/sequence_dataset.csv
c1/identifiers.txt
c1/finalset.csv
c1/seq3di.fasta
CRIMVLG/alnAA_3di.fasta.treefile.rooted
CRIMVLG/alnAA_3di.fasta.treefile
CRIMVLG/alnAA_3di.fasta
CRIMVLG/sequence_dataset.csv
CRIMVLG/alnAA_AA.fasta
CRIMVLG/aln3di_3di.fasta
CRIMVLG/sequences.fst
CRIMVLG/allvall_1.csv
CRIMVLG/outdb
CRIMVLG/outdb_ss
CRIMVLG/finalset.csv
CRIMVLG/sequence_dataset.csv
CRIMVLG/identifiers.txt
CRIMVLG/finalset.csv
CRIMVLG/seq3di.fasta
c2/sequence_dataset.csv
c2/alnAA_3di.fasta.treefile.rooted.final
c1/sequence_dataset.csv
c1/alnAA_3di.fasta.treefile.rooted.final
CRIMVLG/sequence_dataset.csv
CRIMVLG/alnAA_3di.fasta.treefile.rooted.final
c2/alnAA_3di.fasta
c2/aln3di_3di.fasta
c2/alnAA_AA.fasta
c2/aln3di_AA.fasta
c1/alnAA_3di.fasta
c1/aln3di_3di.fasta
c1/alnAA_AA.fasta
c1/aln3di_AA.fasta
CRIMVLG/alnAA_3di.fasta
CRIMVLG/aln3di_3di.fasta
CRIMVLG/alnAA_AA.fasta
CRIMVLG/aln3di_AA.fasta
c2/3di_xaln_tree.PP.nwk.rooted
c2/3di_xaln_tree.PP.nwk
c2/3di_xaln_tree.nwk
c2/3di_xaln_fastmemat.txt
c2/alnAA_3di.fasta
c2/AA_xaln_tree.PP.nwk.rooted
c2/AA_xaln_tree.PP.nwk
c2/AA_xaln_tree.nwk
c2/AA_xaln_fastmemat.txt
c2/alnAA_AA.fasta
c1/3di_xaln_tree.PP.nwk.rooted
c1/3di_xaln_tree.PP.nwk
c1/3di_xaln_tree.nwk
c1/3di_xaln_fastmemat.txt
c1/alnAA_3di.fasta
c1/AA_xaln_tree.PP.nwk.rooted
c1/AA_xaln_tree.PP.nwk
c1/AA_xaln_tree.nwk
c1/AA_xaln_fastmemat.txt
c1/alnAA_AA.fasta
CRIMVLG/3di_xaln_tree.PP.nwk.rooted
CRIMVLG/3di_xaln_tree.PP.nwk
CRIMVLG/3di_xaln_tree.nwk
CRIMVLG/3di_xaln_fastmemat.txt
CRIMVLG/alnAA_3di.fasta
CRIMVLG/AA_xaln_tree.PP.nwk.rooted
CRIMVLG/AA_xaln_tree.PP.nwk
CRIMVLG/AA_xaln_tree.nwk
CRIMVLG/AA_xaln_fastmemat.txt
CRIMVLG/alnAA_AA.fasta
c2/sequence_dataset.csv
c2/3di_xaln_tree.PP.nwk.rooted
c2/sequence_dataset.csv
c2/AA_xaln_tree.PP.nwk.rooted
c1/sequence_dataset.csv
c1/3di_xaln_tree.PP.nwk.rooted
c1/sequence_dataset.csv
c1/AA_xaln_tree.PP.nwk.rooted
CRIMVLG/sequence_dataset.csv
CRIMVLG/3di_xaln_tree.PP.nwk.rooted
CRIMVLG/sequence_dataset.csv
CRIMVLG/AA_xaln_tree.PP.nwk.rooted
c2/templateX3di.nx.treefile.rooted
c2/templateX3di.nx.treefile
c2/alnAA_3di.fasta
c2/aln3di_3di.fasta
c2/templateX3di.nx
c2/alnAA_3di.fasta
c2/aln3di_3di.fasta
c2/templateXAA.nx.treefile.rooted
c2/templateXAA.nx.treefile
c2/alnAA_AA.fasta
c2/aln3di_AA.fasta
c2/templateXAA.nx
c2/alnAA_AA.fasta
c2/aln3di_AA.fasta
c1/templateX3di.nx.treefile.rooted
c1/templateX3di.nx.treefile
c1/alnAA_3di.fasta
c1/aln3di_3di.fasta
c1/templateX3di.nx
c1/alnAA_3di.fasta
c1/aln3di_3di.fasta
c1/templateXAA.nx.treefile.rooted
c1/templateXAA.nx.treefile
c1/alnAA_AA.fasta
c1/aln3di_AA.fasta
c1/templateXAA.nx
c1/alnAA_AA.fasta
c1/aln3di_AA.fasta
CRIMVLG/templateX3di.nx.treefile.rooted
CRIMVLG/templateX3di.nx.treefile
CRIMVLG/alnAA_3di.fasta
CRIMVLG/aln3di_3di.fasta
CRIMVLG/templateX3di.nx
CRIMVLG/alnAA_3di.fasta
CRIMVLG/aln3di_3di.fasta
CRIMVLG/templateXAA.nx.treefile.rooted
CRIMVLG/templateXAA.nx.treefile
CRIMVLG/alnAA_AA.fasta
CRIMVLG/aln3di_AA.fasta
CRIMVLG/templateXAA.nx
CRIMVLG/alnAA_AA.fasta
CRIMVLG/aln3di_AA.fasta
c2/sequence_dataset.csv
c2/templateX3di.nx.treefile.rooted.final
c2/sequence_dataset.csv
c2/templateXAA.nx.treefile.rooted.final
c1/sequence_dataset.csv
c1/templateX3di.nx.treefile.rooted.final
c1/sequence_dataset.csv
c1/templateXAA.nx.treefile.rooted.final
CRIMVLG/sequence_dataset.csv
CRIMVLG/templateX3di.nx.treefile.rooted.final
CRIMVLG/sequence_dataset.csv
CRIMVLG/templateXAA.nx.treefile.rooted.final
c2/sequence_dataset.csv
c2/fident_0_raw_struct_tree.PP.nwk.rooted
c2/fident_0_raw_struct_tree.PP.nwk
c2/fident_0_raw_struct_tree.nwk
c2/fident_0_raw_fastmemat.txt
c2/allvall_0.csv
c2/finalset.csv
c2/sequence_dataset.csv
c2/fident_0_exp_struct_tree.PP.nwk.rooted
c2/fident_0_exp_struct_tree.PP.nwk
c2/fident_0_exp_struct_tree.nwk
c2/fident_0_exp_fastmemat.txt
c2/sequence_dataset.csv
c2/fident_1_raw_struct_tree.PP.nwk.rooted
c2/fident_1_raw_struct_tree.PP.nwk
c2/fident_1_raw_struct_tree.nwk
c2/fident_1_raw_fastmemat.txt
c2/allvall_1.csv
c2/sequence_dataset.csv
c2/fident_1_exp_struct_tree.PP.nwk.rooted
c2/fident_1_exp_struct_tree.PP.nwk
c2/fident_1_exp_struct_tree.nwk
c2/fident_1_exp_fastmemat.txt
c2/sequence_dataset.csv
c2/alntmscore_0_raw_struct_tree.PP.nwk.rooted
c2/alntmscore_0_raw_struct_tree.PP.nwk
c2/alntmscore_0_raw_struct_tree.nwk
c2/alntmscore_0_raw_fastmemat.txt
c2/sequence_dataset.csv
c2/alntmscore_0_exp_struct_tree.PP.nwk.rooted
c2/alntmscore_0_exp_struct_tree.PP.nwk
c2/alntmscore_0_exp_struct_tree.nwk
c2/alntmscore_0_exp_fastmemat.txt
c2/sequence_dataset.csv
c2/alntmscore_1_raw_struct_tree.PP.nwk.rooted
c2/alntmscore_1_raw_struct_tree.PP.nwk
c2/alntmscore_1_raw_struct_tree.nwk
c2/alntmscore_1_raw_fastmemat.txt
c2/sequence_dataset.csv
c2/alntmscore_1_exp_struct_tree.PP.nwk.rooted
c2/alntmscore_1_exp_struct_tree.PP.nwk
c2/alntmscore_1_exp_struct_tree.nwk
c2/alntmscore_1_exp_fastmemat.txt
c2/sequence_dataset.csv
c2/lddt_0_raw_struct_tree.PP.nwk.rooted
c2/lddt_0_raw_struct_tree.PP.nwk
c2/lddt_0_raw_struct_tree.nwk
c2/lddt_0_raw_fastmemat.txt
c2/sequence_dataset.csv
c2/lddt_0_exp_struct_tree.PP.nwk.rooted
c2/lddt_0_exp_struct_tree.PP.nwk
c2/lddt_0_exp_struct_tree.nwk
c2/lddt_0_exp_fastmemat.txt
c2/sequence_dataset.csv
c2/lddt_1_raw_struct_tree.PP.nwk.rooted
c2/lddt_1_raw_struct_tree.PP.nwk
c2/lddt_1_raw_struct_tree.nwk
c2/lddt_1_raw_fastmemat.txt
c2/sequence_dataset.csv
c2/lddt_1_exp_struct_tree.PP.nwk.rooted
c2/lddt_1_exp_struct_tree.PP.nwk
c2/lddt_1_exp_struct_tree.nwk
c2/lddt_1_exp_fastmemat.txt
c1/sequence_dataset.csv
c1/fident_0_raw_struct_tree.PP.nwk.rooted
c1/fident_0_raw_struct_tree.PP.nwk
c1/fident_0_raw_struct_tree.nwk
c1/fident_0_raw_fastmemat.txt
c1/allvall_0.csv
c1/finalset.csv
c1/sequence_dataset.csv
c1/fident_0_exp_struct_tree.PP.nwk.rooted
c1/fident_0_exp_struct_tree.PP.nwk
c1/fident_0_exp_struct_tree.nwk
c1/fident_0_exp_fastmemat.txt
c1/sequence_dataset.csv
c1/fident_1_raw_struct_tree.PP.nwk.rooted
c1/fident_1_raw_struct_tree.PP.nwk
c1/fident_1_raw_struct_tree.nwk
c1/fident_1_raw_fastmemat.txt
c1/allvall_1.csv
c1/sequence_dataset.csv
c1/fident_1_exp_struct_tree.PP.nwk.rooted
c1/fident_1_exp_struct_tree.PP.nwk
c1/fident_1_exp_struct_tree.nwk
c1/fident_1_exp_fastmemat.txt
c1/sequence_dataset.csv
c1/alntmscore_0_raw_struct_tree.PP.nwk.rooted
c1/alntmscore_0_raw_struct_tree.PP.nwk
c1/alntmscore_0_raw_struct_tree.nwk
c1/alntmscore_0_raw_fastmemat.txt
c1/sequence_dataset.csv
c1/alntmscore_0_exp_struct_tree.PP.nwk.rooted
c1/alntmscore_0_exp_struct_tree.PP.nwk
c1/alntmscore_0_exp_struct_tree.nwk
c1/alntmscore_0_exp_fastmemat.txt
c1/sequence_dataset.csv
c1/alntmscore_1_raw_struct_tree.PP.nwk.rooted
c1/alntmscore_1_raw_struct_tree.PP.nwk
c1/alntmscore_1_raw_struct_tree.nwk
c1/alntmscore_1_raw_fastmemat.txt
c1/sequence_dataset.csv
c1/alntmscore_1_exp_struct_tree.PP.nwk.rooted
c1/alntmscore_1_exp_struct_tree.PP.nwk
c1/alntmscore_1_exp_struct_tree.nwk
c1/alntmscore_1_exp_fastmemat.txt
c1/sequence_dataset.csv
c1/lddt_0_raw_struct_tree.PP.nwk.rooted
c1/lddt_0_raw_struct_tree.PP.nwk
c1/lddt_0_raw_struct_tree.nwk
c1/lddt_0_raw_fastmemat.txt
c1/sequence_dataset.csv
c1/lddt_0_exp_struct_tree.PP.nwk.rooted
c1/lddt_0_exp_struct_tree.PP.nwk
c1/lddt_0_exp_struct_tree.nwk
c1/lddt_0_exp_fastmemat.txt
c1/sequence_dataset.csv
c1/lddt_1_raw_struct_tree.PP.nwk.rooted
c1/lddt_1_raw_struct_tree.PP.nwk
c1/lddt_1_raw_struct_tree.nwk
c1/lddt_1_raw_fastmemat.txt
c1/sequence_dataset.csv
c1/lddt_1_exp_struct_tree.PP.nwk.rooted
c1/lddt_1_exp_struct_tree.PP.nwk
c1/lddt_1_exp_struct_tree.nwk
c1/lddt_1_exp_fastmemat.txt
CRIMVLG/sequence_dataset.csv
CRIMVLG/fident_0_raw_struct_tree.PP.nwk.rooted
CRIMVLG/fident_0_raw_struct_tree.PP.nwk
CRIMVLG/fident_0_raw_struct_tree.nwk
CRIMVLG/fident_0_raw_fastmemat.txt
CRIMVLG/allvall_0.csv
CRIMVLG/finalset.csv
CRIMVLG/sequence_dataset.csv
CRIMVLG/fident_0_exp_struct_tree.PP.nwk.rooted
CRIMVLG/fident_0_exp_struct_tree.PP.nwk
CRIMVLG/fident_0_exp_struct_tree.nwk
CRIMVLG/fident_0_exp_fastmemat.txt
CRIMVLG/sequence_dataset.csv
CRIMVLG/fident_1_raw_struct_tree.PP.nwk.rooted
CRIMVLG/fident_1_raw_struct_tree.PP.nwk
CRIMVLG/fident_1_raw_struct_tree.nwk
CRIMVLG/fident_1_raw_fastmemat.txt
CRIMVLG/allvall_1.csv
CRIMVLG/sequence_dataset.csv
CRIMVLG/fident_1_exp_struct_tree.PP.nwk.rooted
CRIMVLG/fident_1_exp_struct_tree.PP.nwk
CRIMVLG/fident_1_exp_struct_tree.nwk
CRIMVLG/fident_1_exp_fastmemat.txt
CRIMVLG/sequence_dataset.csv
CRIMVLG/alntmscore_0_raw_struct_tree.PP.nwk.rooted
CRIMVLG/alntmscore_0_raw_struct_tree.PP.nwk
CRIMVLG/alntmscore_0_raw_struct_tree.nwk
CRIMVLG/alntmscore_0_raw_fastmemat.txt
CRIMVLG/sequence_dataset.csv
CRIMVLG/alntmscore_0_exp_struct_tree.PP.nwk.rooted
CRIMVLG/alntmscore_0_exp_struct_tree.PP.nwk
CRIMVLG/alntmscore_0_exp_struct_tree.nwk
CRIMVLG/alntmscore_0_exp_fastmemat.txt
CRIMVLG/sequence_dataset.csv
CRIMVLG/alntmscore_1_raw_struct_tree.PP.nwk.rooted
CRIMVLG/alntmscore_1_raw_struct_tree.PP.nwk
CRIMVLG/alntmscore_1_raw_struct_tree.nwk
CRIMVLG/alntmscore_1_raw_fastmemat.txt
CRIMVLG/sequence_dataset.csv
CRIMVLG/alntmscore_1_exp_struct_tree.PP.nwk.rooted
CRIMVLG/alntmscore_1_exp_struct_tree.PP.nwk
CRIMVLG/alntmscore_1_exp_struct_tree.nwk
CRIMVLG/alntmscore_1_exp_fastmemat.txt
CRIMVLG/sequence_dataset.csv
CRIMVLG/lddt_0_raw_struct_tree.PP.nwk.rooted
CRIMVLG/lddt_0_raw_struct_tree.PP.nwk
CRIMVLG/lddt_0_raw_struct_tree.nwk
CRIMVLG/lddt_0_raw_fastmemat.txt
CRIMVLG/sequence_dataset.csv
CRIMVLG/lddt_0_exp_struct_tree.PP.nwk.rooted
CRIMVLG/lddt_0_exp_struct_tree.PP.nwk
CRIMVLG/lddt_0_exp_struct_tree.nwk
CRIMVLG/lddt_0_exp_fastmemat.txt
CRIMVLG/sequence_dataset.csv
CRIMVLG/lddt_1_raw_struct_tree.PP.nwk.rooted
CRIMVLG/lddt_1_raw_struct_tree.PP.nwk
CRIMVLG/lddt_1_raw_struct_tree.nwk
CRIMVLG/lddt_1_raw_fastmemat.txt
CRIMVLG/sequence_dataset.csv
CRIMVLG/lddt_1_exp_struct_tree.PP.nwk.rooted
CRIMVLG/lddt_1_exp_struct_tree.PP.nwk
CRIMVLG/lddt_1_exp_struct_tree.nwk
CRIMVLG/lddt_1_exp_fastmemat.txt
c2/sequence_dataset.csv
c2/sequences.aln.muscle.fst.nwk.rooted
c2/sequences.aln.muscle.fst.nwk
c2/sequences.aln.muscle.fst
c2/sequences.fst
c1/sequence_dataset.csv
c1/sequences.aln.muscle.fst.nwk.rooted
c1/sequences.aln.muscle.fst.nwk
c1/sequences.aln.muscle.fst
c1/sequences.fst
CRIMVLG/sequence_dataset.csv
CRIMVLG/sequences.aln.muscle.fst.nwk.rooted
CRIMVLG/sequences.aln.muscle.fst.nwk
CRIMVLG/sequences.aln.muscle.fst
CRIMVLG/sequences.fst
c2/sequence_dataset.csv
c2/sequences.aln.muscle.fst.treefile.rooted
c2/sequences.aln.muscle.fst.treefile
c2/sequences.aln.muscle.fst
c1/sequence_dataset.csv
c1/sequences.aln.muscle.fst.treefile.rooted
c1/sequences.aln.muscle.fst.treefile
c1/sequences.aln.muscle.fst
CRIMVLG/sequence_dataset.csv
CRIMVLG/sequences.aln.muscle.fst.treefile.rooted
CRIMVLG/sequences.aln.muscle.fst.treefile
CRIMVLG/sequences.aln.muscle.fst
c2/finalset.csv
c1/finalset.csv
CRIMVLG/finalset.csv
